
Microsoft Visual Studio Solution File, Format Version 12.00
#
Project("{FAE04EC0-301F-11D3-BF4B-00C04F79EFBC}") = "MadnServer", "MadnServer\MadnServer.csproj", "{706F861E-5626-4D40-B6ED-785B57677134}"
EndProject
Project("{FAE04EC0-301F-11D3-BF4B-00C04F79EFBC}") = "MadnShared", "MadnShared\MadnShared.csproj", "{97C396C4-791A-4A81-ABEE-421AEF8EA40A}"
EndProject
Project("{FAE04EC0-301F-11D3-BF4B-00C04F79EFBC}") = "MadnClient", "MadnClient\MadnClient.csproj", "{BB65E503-BC1A-4C5B-A8F1-03DD4AF82EAC}"
EndProject
Project("{FAE04EC0-301F-11D3-BF4B-00C04F79EFBC}") = "MadnServerTest", "MadnServerTest\MadnServerTest.csproj", "{B04B7472-0FA2-424C-A5E7-6B210E298169}"
EndProject
Project("{FAE04EC0-301F-11D3-BF4B-00C04F79EFBC}") = "MadnSharedTest", "MadnSharedTest\MadnSharedTest.csproj", "{39BD592D-F9ED-424B-8D41-25BA1CB6DA02}"
EndProject
Project("{FAE04EC0-301F-11D3-BF4B-00C04F79EFBC}") = "MadnClientTest", "MadnClientTest\MadnClientTest.csproj", "{53936872-DC8B-4B2D-B980-B34658FED6BE}"
EndProject
Global
	GlobalSection(SolutionConfigurationPlatforms) = preSolution
		Debug|Any CPU = Debug|Any CPU
		Release|Any CPU = Release|Any CPU
	EndGlobalSection
	GlobalSection(ProjectConfigurationPlatforms) = postSolution
		{706F861E-5626-4D40-B6ED-785B57677134}.Debug|Any CPU.ActiveCfg = Debug|Any CPU
		{706F861E-5626-4D40-B6ED-785B57677134}.Debug|Any CPU.Build.0 = Debug|Any CPU
		{706F861E-5626-4D40-B6ED-785B57677134}.Release|Any CPU.ActiveCfg = Release|Any CPU
		{706F861E-5626-4D40-B6ED-785B57677134}.Release|Any CPU.Build.0 = Release|Any CPU
		{97C396C4-791A-4A81-ABEE-421AEF8EA40A}.Debug|Any CPU.ActiveCfg = Debug|Any CPU
		{97C396C4-791A-4A81-ABEE-421AEF8EA40A}.Debug|Any CPU.Build.0 = Debug|Any CPU
		{97C396C4-791A-4A81-ABEE-421AEF8EA40A}.Release|Any CPU.ActiveCfg = Release|Any CPU
		{97C396C4-791A-4A81-ABEE-421AEF8EA40A}.Release|Any CPU.Build.0 = Release|Any CPU
		{BB65E503-BC1A-4C5B-A8F1-03DD4AF82EAC}.Debug|Any CPU.ActiveCfg = Debug|Any CPU
		{BB65E503-BC1A-4C5B-A8F1-03DD4AF82EAC}.Debug|Any CPU.Build.0 = Debug|Any CPU
		{BB65E503-BC1A-4C5B-A8F1-03DD4AF82EAC}.Release|Any CPU.ActiveCfg = Release|Any CPU
		{BB65E503-BC1A-4C5B-A8F1-03DD4AF82EAC}.Release|Any CPU.Build.0 = Release|Any CPU
		{B04B7472-0FA2-424C-A5E7-6B210E298169}.Debug|Any CPU.ActiveCfg = Debug|Any CPU
		{B04B7472-0FA2-424C-A5E7-6B210E298169}.Debug|Any CPU.Build.0 = Debug|Any CPU
		{B04B7472-0FA2-424C-A5E7-6B210E298169}.Release|Any CPU.ActiveCfg = Release|Any CPU
		{B04B7472-0FA2-424C-A5E7-6B210E298169}.Release|Any CPU.Build.0 = Release|Any CPU
		{39BD592D-F9ED-424B-8D41-25BA1CB6DA02}.Debug|Any CPU.ActiveCfg = Debug|Any CPU
		{39BD592D-F9ED-424B-8D41-25BA1CB6DA02}.Debug|Any CPU.Build.0 = Debug|Any CPU
		{39BD592D-F9ED-424B-8D41-25BA1CB6DA02}.Release|Any CPU.ActiveCfg = Release|Any CPU
		{39BD592D-F9ED-424B-8D41-25BA1CB6DA02}.Release|Any CPU.Build.0 = Release|Any CPU
		{53936872-DC8B-4B2D-B980-B34658FED6BE}.Debug|Any CPU.ActiveCfg = Debug|Any CPU
		{53936872-DC8B-4B2D-B980-B34658FED6BE}.Debug|Any CPU.Build.0 = Debug|Any CPU
		{53936872-DC8B-4B2D-B980-B34658FED6BE}.Release|Any CPU.ActiveCfg = Release|Any CPU
		{53936872-DC8B-4B2D-B980-B34658FED6BE}.Release|Any CPU.Build.0 = Release|Any CPU
	EndGlobalSection
EndGlobal
